# This file is autogenerated, do not edit; changes may be undone by the next 'dep ensure'.


[[projects]]
  name = "github.com/alanctgardner/gogen-avro"
  packages = ["container","example/avro"]
  revision = "619db3c41ef0d2601747eece6db2244b4847b6d1"
  version = "v5.0.1"

[[projects]]
  branch = "master"
  name = "github.com/golang/snappy"
  packages = ["."]
  revision = "553a641470496b2327abcac10b36396bd98e45c9"

[[projects]]
  name = "github.com/gorilla/context"
  packages = ["."]
  revision = "1ea25387ff6f684839d82767c1733ff4d4d15d0a"
  version = "v1.1"

[[projects]]
  name = "github.com/gorilla/mux"
  packages = ["."]
  revision = "53c1911da2b537f792e7cafcb446b05ffe33b996"
  version = "v1.6.1"

[[projects]]
  name = "github.com/linkedin/goavro"
  packages = ["."]
  revision = "bf6e295db97b0d4f583e73bbea5340cb9e3f6236"
  version = "v2.0.2"

[[projects]]
  name = "gopkg.in/alanctgardner/gogen-avro.v5"
  packages = ["container","container/avro"]
  revision = "619db3c41ef0d2601747eece6db2244b4847b6d1"
  version = "v5.0.1"

[solve-meta]
  analyzer-name = "dep"
  analyzer-version = 1
  inputs-digest = "40e835ce5159b60180a804b36fa7e03dc5ff7bbb98005232582eac932a3be6f1"
  solver-name = "gps-cdcl"
  solver-version = 1
